<?xml version="1.0" encoding="utf-8"?>
<Project ToolsVersion="4.0" xmlns="http://schemas.microsoft.com/developer/msbuild/2003">
  <ItemGroup>
    <Filter Include="include">
      <UniqueIdentifier>{27b9061f-5a5a-4044-9fc6-98cd94501cd1}</UniqueIdentifier>
    </Filter>
    <Filter Include="data">
      <UniqueIdentifier>{ed54ab42-741a-46a7-b321-90d53ccaf805}</UniqueIdentifier>
    </Filter>
    <Filter Include="tests">
      <UniqueIdentifier>{7fd7ef85-9000-45da-b4c1-aafc4fb307ea}</UniqueIdentifier>
    </Filter>
    <Filter Include="src">
      <UniqueIdentifier>{4FC737F1-C7A5-4376-A066-2A32D752A2FF}</UniqueIdentifier>
      <Extensions>cpp;c;cc;cxx;c++;cppm;ixx;def;odl;idl;hpj;bat;asm;asmx</Extensions>
    </Filter>
  </ItemGroup>
  <ItemGroup>
    <ClCompile Include="src\main.cpp">
      <Filter>src</Filter>
    </ClCompile>
    <ClCompile Include="src\Element.cpp">
      <Filter>src</Filter>
    </ClCompile>
    <ClCompile Include="src\JsonParser.cpp">
      <Filter>src</Filter>
    </ClCompile>
  </ItemGroup>
  <ItemGroup>
    <ClInclude Include="include\Element.h">
      <Filter>include</Filter>
    </ClInclude>
    <ClInclude Include="include\JsonParser.h">
      <Filter>include</Filter>
    </ClInclude>
<<<<<<< Updated upstream
=======
    <ClInclude Include="include\StringParser.h">
      <Filter>include</Filter>
    </ClInclude>
>>>>>>> Stashed changes
  </ItemGroup>
  <ItemGroup>
    <None Include="data\periodic-table.json">
      <Filter>data</Filter>
    </None>
  </ItemGroup>
</Project>